
Microsoft Visual Studio Solution File, Format Version 12.00
# Visual Studio Version 17
VisualStudioVersion = 17.9.34714.143
MinimumVisualStudioVersion = 10.0.40219.1
Project("{888888A0-9F3D-457C-B088-3A5042F75D52}") = "CarRental", "CarRental\CarRental.pyproj", "{983444C6-9DA8-4AE0-B52F-EAB8DB1727F2}"
EndProject
Global
	GlobalSection(SolutionConfigurationPlatforms) = preSolution
		Debug|Any CPU = Debug|Any CPU
		Release|Any CPU = Release|Any CPU
	EndGlobalSection
	GlobalSection(ProjectConfigurationPlatforms) = postSolution
		{983444C6-9DA8-4AE0-B52F-EAB8DB1727F2}.Debug|Any CPU.ActiveCfg = Debug|Any CPU
		{983444C6-9DA8-4AE0-B52F-EAB8DB1727F2}.Release|Any CPU.ActiveCfg = Release|Any CPU
	EndGlobalSection
	GlobalSection(SolutionProperties) = preSolution
		HideSolutionNode = FALSE
	EndGlobalSection
	GlobalSection(ExtensibilityGlobals) = postSolution
		SolutionGuid = {A3E0AB47-D2FC-4FBE-BFF7-10F9AEBA5E7A}
	EndGlobalSection
EndGlobal
